<?xml version="1.0" encoding="utf-8"?>
<Project ToolsVersion="4.0" xmlns="http://schemas.microsoft.com/developer/msbuild/2003">
  <ItemGroup>
    <Filter Include="리소스 파일">
      <UniqueIdentifier>{67DA6AB6-F800-4c08-8B7A-83BB121AAD01}</UniqueIdentifier>
      <Extensions>rc;ico;cur;bmp;dlg;rc2;rct;bin;rgs;gif;jpg;jpeg;jpe;resx;tiff;tif;png;wav;mfcribbon-ms</Extensions>
    </Filter>
    <Filter Include="01.Core">
      <UniqueIdentifier>{8d5f5e20-cae9-43f9-b228-420155afb785}</UniqueIdentifier>
    </Filter>
    <Filter Include="02.Manager">
      <UniqueIdentifier>{db2dfa6a-f898-4b6b-b10c-1e0be7330db8}</UniqueIdentifier>
    </Filter>
    <Filter Include="03.Object">
      <UniqueIdentifier>{128ead50-e90d-4abe-a108-1ded50dc373b}</UniqueIdentifier>
    </Filter>
    <Filter Include="04.Scene">
      <UniqueIdentifier>{5a37607e-8028-46f1-8755-cc716bb015ac}</UniqueIdentifier>
    </Filter>
    <Filter Include="05.Resource">
      <UniqueIdentifier>{57872278-8c3f-4a54-878a-427e4c679569}</UniqueIdentifier>
    </Filter>
    <Filter Include="06.Modules">
      <UniqueIdentifier>{f0ac61a6-b7ca-45bc-9d15-6bea22eb5239}</UniqueIdentifier>
    </Filter>
    <Filter Include="99.Headers">
      <UniqueIdentifier>{807ee681-03aa-4620-9855-e2d365f2a01c}</UniqueIdentifier>
    </Filter>
  </ItemGroup>
  <ItemGroup>
    <ClCompile Include="main.cpp">
      <Filter>01.Core</Filter>
    </ClCompile>
    <ClCompile Include="Core.cpp">
      <Filter>01.Core</Filter>
    </ClCompile>
    <ClCompile Include="Console.cpp">
      <Filter>01.Core</Filter>
    </ClCompile>
    <ClCompile Include="KeyContoller.cpp">
      <Filter>01.Core</Filter>
    </ClCompile>
  </ItemGroup>
  <ItemGroup>
    <ClInclude Include="Console.h">
      <Filter>99.Headers</Filter>
    </ClInclude>
    <ClInclude Include="Core.h">
      <Filter>99.Headers</Filter>
    </ClInclude>
    <ClInclude Include="KeyContoller.h">
      <Filter>99.Headers</Filter>
    </ClInclude>
    <ClInclude Include="Enums.h">
      <Filter>99.Headers</Filter>
    </ClInclude>
  </ItemGroup>
</Project>